// !$*UTF8*$!
{
	archiveVersion = 1;
	classes = {
	};
	objectVersion = 50;
	objects = {

/* Begin PBXBuildFile section */
		AE07BD1821D795AD00AAC99A /* AppDelegate.m in Sources */ = {isa = PBXBuildFile; fileRef = AE07BD1721D795AD00AAC99A /* AppDelegate.m */; };
		AE07BD1B21D795AD00AAC99A /* ViewController.m in Sources */ = {isa = PBXBuildFile; fileRef = AE07BD1A21D795AD00AAC99A /* ViewController.m */; };
		AE07BD1E21D795AD00AAC99A /* Main.storyboard in Resources */ = {isa = PBXBuildFile; fileRef = AE07BD1C21D795AD00AAC99A /* Main.storyboard */; };
		AE07BD2021D795AD00AAC99A /* Assets.xcassets in Resources */ = {isa = PBXBuildFile; fileRef = AE07BD1F21D795AD00AAC99A /* Assets.xcassets */; };
		AE07BD2321D795AD00AAC99A /* LaunchScreen.storyboard in Resources */ = {isa = PBXBuildFile; fileRef = AE07BD2121D795AD00AAC99A /* LaunchScreen.storyboard */; };
		AE07BD2621D795AD00AAC99A /* main.m in Sources */ = {isa = PBXBuildFile; fileRef = AE07BD2521D795AD00AAC99A /* main.m */; };
		AE07BD6721DC577200AAC99A /* ZhiBoSDK.framework in Frameworks */ = {isa = PBXBuildFile; fileRef = AE07BD6621DC577200AAC99A /* ZhiBoSDK.framework */; };
		AE07BD8921DDEF4D00AAC99A /* libZhiBoSDKLib.a in Frameworks */ = {isa = PBXBuildFile; fileRef = AE07BD8821DDEF4D00AAC99A /* libZhiBoSDKLib.a */; };
/* End PBXBuildFile section */

/* Begin PBXCopyFilesBuildPhase section */
		AE07BD4D21D7986000AAC99A /* Embed Frameworks */ = {
			isa = PBXCopyFilesBuildPhase;
			buildActionMask = 2147483647;
			dstPath = "";
			dstSubfolderSpec = 10;
			files = (
			);
			name = "Embed Frameworks";
			runOnlyForDeploymentPostprocessing = 0;
		};
/* End PBXCopyFilesBuildPhase section */

/* Begin PBXFileReference section */
		AE07BD1321D795AD00AAC99A /* zhibo.app */ = {isa = PBXFileReference; explicitFileType = wrapper.application; includeInIndex = 0; path = zhibo.app; sourceTree = BUILT_PRODUCTS_DIR; };
		AE07BD1621D795AD00AAC99A /* AppDelegate.h */ = {isa = PBXFileReference; lastKnownFileType = sourcecode.c.h; path = AppDelegate.h; sourceTree = "<group>"; };
		AE07BD1721D795AD00AAC99A /* AppDelegate.m */ = {isa = PBXFileReference; lastKnownFileType = sourcecode.c.objc; path = AppDelegate.m; sourceTree = "<group>"; };
		AE07BD1921D795AD00AAC99A /* ViewController.h */ = {isa = PBXFileReference; lastKnownFileType = sourcecode.c.h; path = ViewController.h; sourceTree = "<group>"; };
		AE07BD1A21D795AD00AAC99A /* ViewController.m */ = {isa = PBXFileReference; lastKnownFileType = sourcecode.c.objc; path = ViewController.m; sourceTree = "<group>"; };
		AE07BD1D21D795AD00AAC99A /* Base */ = {isa = PBXFileReference; lastKnownFileType = file.storyboard; name = Base; path = Base.lproj/Main.storyboard; sourceTree = "<group>"; };
		AE07BD1F21D795AD00AAC99A /* Assets.xcassets */ = {isa = PBXFileReference; lastKnownFileType = folder.assetcatalog; path = Assets.xcassets; sourceTree = "<group>"; };
		AE07BD2221D795AD00AAC99A /* Base */ = {isa = PBXFileReference; lastKnownFileType = file.storyboard; name = Base; path = Base.lproj/LaunchScreen.storyboard; sourceTree = "<group>"; };
		AE07BD2421D795AD00AAC99A /* Info.plist */ = {isa = PBXFileReference; lastKnownFileType = text.plist.xml; path = Info.plist; sourceTree = "<group>"; };
		AE07BD2521D795AD00AAC99A /* main.m */ = {isa = PBXFileReference; lastKnownFileType = sourcecode.c.objc; path = main.m; sourceTree = "<group>"; };
		AE07BD6621DC577200AAC99A /* ZhiBoSDK.framework */ = {isa = PBXFileReference; lastKnownFileType = wrapper.framework; name = ZhiBoSDK.framework; path = "../../../Library/Developer/Xcode/DerivedData/mobby-defumeaylsgzvngwnksjemroodfb/Build/Products/Debug-iphoneos/ZhiBoSDK.framework"; sourceTree = "<group>"; };
		AE07BD8821DDEF4D00AAC99A /* libZhiBoSDKLib.a */ = {isa = PBXFileReference; lastKnownFileType = archive.ar; name = libZhiBoSDKLib.a; path = "../../../Library/Developer/Xcode/DerivedData/mobby-eihgndxxguvtoledammpkjlrhftu/Build/Products/Debug-iphoneos/libZhiBoSDKLib.a"; sourceTree = "<group>"; };
		AE07BD8D21DDEF6700AAC99A /* ZhiBoSDKLib.h */ = {isa = PBXFileReference; fileEncoding = 4; lastKnownFileType = sourcecode.c.h; path = ZhiBoSDKLib.h; sourceTree = "<group>"; };
/* End PBXFileReference section */

/* Begin PBXFrameworksBuildPhase section */
		AE07BD1021D795AD00AAC99A /* Frameworks */ = {
			isa = PBXFrameworksBuildPhase;
			buildActionMask = 2147483647;
			files = (
				AE07BD6721DC577200AAC99A /* ZhiBoSDK.framework in Frameworks */,
				AE07BD8921DDEF4D00AAC99A /* libZhiBoSDKLib.a in Frameworks */,
			);
			runOnlyForDeploymentPostprocessing = 0;
		};
/* End PBXFrameworksBuildPhase section */

/* Begin PBXGroup section */
		AE07BD0A21D795AD00AAC99A = {
			isa = PBXGroup;
			children = (
				AE07BD8C21DDEF6700AAC99A /* ZhiBoSDKLib */,
				AE07BD8821DDEF4D00AAC99A /* libZhiBoSDKLib.a */,
				AE07BD6621DC577200AAC99A /* ZhiBoSDK.framework */,
				AE07BD1521D795AD00AAC99A /* zhibo */,
				AE07BD1421D795AD00AAC99A /* Products */,
			);
			sourceTree = "<group>";
		};
		AE07BD1421D795AD00AAC99A /* Products */ = {
			isa = PBXGroup;
			children = (
				AE07BD1321D795AD00AAC99A /* zhibo.app */,
			);
			name = Products;
			sourceTree = "<group>";
		};
		AE07BD1521D795AD00AAC99A /* zhibo */ = {
			isa = PBXGroup;
			children = (
				AE07BD1621D795AD00AAC99A /* AppDelegate.h */,
				AE07BD1721D795AD00AAC99A /* AppDelegate.m */,
				AE07BD1921D795AD00AAC99A /* ViewController.h */,
				AE07BD1A21D795AD00AAC99A /* ViewController.m */,
				AE07BD1C21D795AD00AAC99A /* Main.storyboard */,
				AE07BD1F21D795AD00AAC99A /* Assets.xcassets */,
				AE07BD2121D795AD00AAC99A /* LaunchScreen.storyboard */,
				AE07BD2421D795AD00AAC99A /* Info.plist */,
				AE07BD2521D795AD00AAC99A /* main.m */,
			);
			path = zhibo;
			sourceTree = "<group>";
		};
		AE07BD8C21DDEF6700AAC99A /* ZhiBoSDKLib */ = {
			isa = PBXGroup;
			children = (
				AE07BD8D21DDEF6700AAC99A /* ZhiBoSDKLib.h */,
			);
			name = ZhiBoSDKLib;
			path = "../../../Library/Developer/Xcode/DerivedData/mobby-eihgndxxguvtoledammpkjlrhftu/Build/Products/Debug-iphoneos/include/ZhiBoSDKLib";
			sourceTree = "<group>";
		};
/* End PBXGroup section */

/* Begin PBXNativeTarget section */
		AE07BD1221D795AD00AAC99A /* zhibo */ = {
			isa = PBXNativeTarget;
			buildConfigurationList = AE07BD2921D795AD00AAC99A /* Build configuration list for PBXNativeTarget "zhibo" */;
			buildPhases = (
				AE07BD0F21D795AD00AAC99A /* Sources */,
				AE07BD1021D795AD00AAC99A /* Frameworks */,
				AE07BD1121D795AD00AAC99A /* Resources */,
				AE07BD4D21D7986000AAC99A /* Embed Frameworks */,
			);
			buildRules = (
			);
			dependencies = (
			);
			name = zhibo;
			productName = zhibo;
			productReference = AE07BD1321D795AD00AAC99A /* zhibo.app */;
			productType = "com.apple.product-type.application";
		};
/* End PBXNativeTarget section */

/* Begin PBXProject section */
		AE07BD0B21D795AD00AAC99A /* Project object */ = {
			isa = PBXProject;
			attributes = {
				LastUpgradeCheck = 1010;
				ORGANIZATIONNAME = "Geng Lizhao";
				TargetAttributes = {
					AE07BD1221D795AD00AAC99A = {
						CreatedOnToolsVersion = 10.1;
					};
				};
			};
			buildConfigurationList = AE07BD0E21D795AD00AAC99A /* Build configuration list for PBXProject "zhibo" */;
			compatibilityVersion = "Xcode 9.3";
			developmentRegion = en;
			hasScannedForEncodings = 0;
			knownRegions = (
				en,
				Base,
			);
			mainGroup = AE07BD0A21D795AD00AAC99A;
			productRefGroup = AE07BD1421D795AD00AAC99A /* Products */;
			projectDirPath = "";
			projectRoot = "";
			targets = (
				AE07BD1221D795AD00AAC99A /* zhibo */,
			);
		};
/* End PBXProject section */

/* Begin PBXResourcesBuildPhase section */
		AE07BD1121D795AD00AAC99A /* Resources */ = {
			isa = PBXResourcesBuildPhase;
			buildActionMask = 2147483647;
			files = (
				AE07BD2321D795AD00AAC99A /* LaunchScreen.storyboard in Resources */,
				AE07BD2021D795AD00AAC99A /* Assets.xcassets in Resources */,
				AE07BD1E21D795AD00AAC99A /* Main.storyboard in Resources */,
			);
			runOnlyForDeploymentPostprocessing = 0;
		};
/* End PBXResourcesBuildPhase section */

/* Begin PBXSourcesBuildPhase section */
		AE07BD0F21D795AD00AAC99A /* Sources */ = {
			isa = PBXSourcesBuildPhase;
			buildActionMask = 2147483647;
			files = (
				AE07BD1B21D795AD00AAC99A /* ViewController.m in Sources */,
				AE07BD2621D795AD00AAC99A /* main.m in Sources */,
				AE07BD1821D795AD00AAC99A /* AppDelegate.m in Sources */,
			);
			runOnlyForDeploymentPostprocessing = 0;
		};
/* End PBXSourcesBuildPhase section */

/* Begin PBXVariantGroup section */
		AE07BD1C21D795AD00AAC99A /* Main.storyboard */ = {
			isa = PBXVariantGroup;
			children = (
				AE07BD1D21D795AD00AAC99A /* Base */,
			);
			name = Main.storyboard;
			sourceTree = "<group>";
		};
		AE07BD2121D795AD00AAC99A /* LaunchScreen.storyboard */ = {
			isa = PBXVariantGroup;
			children = (
				AE07BD2221D795AD00AAC99A /* Base */,
			);
			name = LaunchScreen.storyboard;
			sourceTree = "<group>";
		};
/* End PBXVariantGroup section */

/* Begin XCBuildConfiguration section */
		AE07BD2721D795AD00AAC99A /* Debug */ = {
			isa = XCBuildConfiguration;
			buildSettings = {
				ALWAYS_SEARCH_USER_PATHS = NO;
				CLANG_ANALYZER_NONNULL = YES;
				CLANG_ANALYZER_NUMBER_OBJECT_CONVERSION = YES_AGGRESSIVE;
				CLANG_CXX_LANGUAGE_STANDARD = "gnu++14";
				CLANG_CXX_LIBRARY = "libc++";
				CLANG_ENABLE_MODULES = YES;
				CLANG_ENABLE_OBJC_ARC = YES;
				CLANG_ENABLE_OBJC_WEAK = YES;
				CLANG_WARN_BLOCK_CAPTURE_AUTORELEASING = YES;
				CLANG_WARN_BOOL_CONVERSION = YES;
				CLANG_WARN_COMMA = YES;
				CLANG_WARN_CONSTANT_CONVERSION = YES;
				CLANG_WARN_DEPRECATED_OBJC_IMPLEMENTATIONS = YES;
				CLANG_WARN_DIRECT_OBJC_ISA_USAGE = YES_ERROR;
				CLANG_WARN_DOCUMENTATION_COMMENTS = YES;
				CLANG_WARN_EMPTY_BODY = YES;
				CLANG_WARN_ENUM_CONVERSION = YES;
				CLANG_WARN_INFINITE_RECURSION = YES;
				CLANG_WARN_INT_CONVERSION = YES;
				CLANG_WARN_NON_LITERAL_NULL_CONVERSION = YES;
				CLANG_WARN_OBJC_IMPLICIT_RETAIN_SELF = YES;
				CLANG_WARN_OBJC_LITERAL_CONVERSION = YES;
				CLANG_WARN_OBJC_ROOT_CLASS = YES_ERROR;
				CLANG_WARN_RANGE_LOOP_ANALYSIS = YES;
				CLANG_WARN_STRICT_PROTOTYPES = YES;
				CLANG_WARN_SUSPICIOUS_MOVE = YES;
				CLANG_WARN_UNGUARDED_AVAILABILITY = YES_AGGRESSIVE;
				CLANG_WARN_UNREACHABLE_CODE = YES;
				CLANG_WARN__DUPLICATE_METHOD_MATCH = YES;
				CODE_SIGN_IDENTITY = "iPhone Developer";
				COPY_PHASE_STRIP = NO;
				DEBUG_INFORMATION_FORMAT = dwarf;
				ENABLE_STRICT_OBJC_MSGSEND = YES;
				ENABLE_TESTABILITY = YES;
				GCC_C_LANGUAGE_STANDARD = gnu11;
				GCC_DYNAMIC_NO_PIC = NO;
				GCC_NO_COMMON_BLOCKS = YES;
				GCC_OPTIMIZATION_LEVEL = 0;
				GCC_PREPROCESSOR_DEFINITIONS = (
					"DEBUG=1",
					"$(inherited)",
				);
				GCC_WARN_64_TO_32_BIT_CONVERSION = YES;
				GCC_WARN_ABOUT_RETURN_TYPE = YES_ERROR;
				GCC_WARN_UNDECLARED_SELECTOR = YES;
				GCC_WARN_UNINITIALIZED_AUTOS = YES_AGGRESSIVE;
				GCC_WARN_UNUSED_FUNCTION = YES;
				GCC_WARN_UNUSED_VARIABLE = YES;
				IPHONEOS_DEPLOYMENT_TARGET = 12.1;
				MTL_ENABLE_DEBUG_INFO = INCLUDE_SOURCE;
				MTL_FAST_MATH = YES;
				ONLY_ACTIVE_ARCH = YES;
				SDKROOT = iphoneos;
			};
			name = Debug;
		};
		AE07BD2821D795AD00AAC99A /* Release */ = {
			isa = XCBuildConfiguration;
			buildSettings = {
				ALWAYS_SEARCH_USER_PATHS = NO;
				CLANG_ANALYZER_NONNULL = YES;
				CLANG_ANALYZER_NUMBER_OBJECT_CONVERSION = YES_AGGRESSIVE;
				CLANG_CXX_LANGUAGE_STANDARD = "gnu++14";
				CLANG_CXX_LIBRARY = "libc++";
				CLANG_ENABLE_MODULES = YES;
				CLANG_ENABLE_OBJC_ARC = YES;
				CLANG_ENABLE_OBJC_WEAK = YES;
				CLANG_WARN_BLOCK_CAPTURE_AUTORELEASING = YES;
				CLANG_WARN_BOOL_CONVERSION = YES;
				CLANG_WARN_COMMA = YES;
				CLANG_WARN_CONSTANT_CONVERSION = YES;
				CLANG_WARN_DEPRECATED_OBJC_IMPLEMENTATIONS = YES;
				CLANG_WARN_DIRECT_OBJC_ISA_USAGE = YES_ERROR;
				CLANG_WARN_DOCUMENTATION_COMMENTS = YES;
				CLANG_WARN_EMPTY_BODY = YES;
				CLANG_WARN_ENUM_CONVERSION = YES;
				CLANG_WARN_INFINITE_RECURSION = YES;
				CLANG_WARN_INT_CONVERSION = YES;
				CLANG_WARN_NON_LITERAL_NULL_CONVERSION = YES;
				CLANG_WARN_OBJC_IMPLICIT_RETAIN_SELF = YES;
				CLANG_WARN_OBJC_LITERAL_CONVERSION = YES;
				CLANG_WARN_OBJC_ROOT_CLASS = YES_ERROR;
				CLANG_WARN_RANGE_LOOP_ANALYSIS = YES;
				CLANG_WARN_STRICT_PROTOTYPES = YES;
				CLANG_WARN_SUSPICIOUS_MOVE = YES;
				CLANG_WARN_UNGUARDED_AVAILABILITY = YES_AGGRESSIVE;
				CLANG_WARN_UNREACHABLE_CODE = YES;
				CLANG_WARN__DUPLICATE_METHOD_MATCH = YES;
				CODE_SIGN_IDENTITY = "iPhone Developer";
				COPY_PHASE_STRIP = NO;
				DEBUG_INFORMATION_FORMAT = "dwarf-with-dsym";
				ENABLE_NS_ASSERTIONS = NO;
				ENABLE_STRICT_OBJC_MSGSEND = YES;
				GCC_C_LANGUAGE_STANDARD = gnu11;
				GCC_NO_COMMON_BLOCKS = YES;
				GCC_WARN_64_TO_32_BIT_CONVERSION = YES;
				GCC_WARN_ABOUT_RETURN_TYPE = YES_ERROR;
				GCC_WARN_UNDECLARED_SELECTOR = YES;
				GCC_WARN_UNINITIALIZED_AUTOS = YES_AGGRESSIVE;
				GCC_WARN_UNUSED_FUNCTION = YES;
				GCC_WARN_UNUSED_VARIABLE = YES;
				IPHONEOS_DEPLOYMENT_TARGET = 12.1;
				MTL_ENABLE_DEBUG_INFO = NO;
				MTL_FAST_MATH = YES;
				SDKROOT = iphoneos;
				VALIDATE_PRODUCT = YES;
			};
			name = Release;
		};
		AE07BD2A21D795AD00AAC99A /* Debug */ = {
			isa = XCBuildConfiguration;
			buildSettings = {
				ASSETCATALOG_COMPILER_APPICON_NAME = AppIcon;
				CODE_SIGN_IDENTITY = "iPhone Distribution";
				CODE_SIGN_STYLE = Manual;
				DEVELOPMENT_TEAM = QWP8YTX8VR;
				FRAMEWORK_SEARCH_PATHS = (
					"$(inherited)",
					"$(PROJECT_DIR)",
				);
				INFOPLIST_FILE = zhibo/Info.plist;
				LD_RUNPATH_SEARCH_PATHS = (
					"$(inherited)",
					"@executable_path/Frameworks",
				);
				PRODUCT_BUNDLE_IDENTIFIER = com.myjiashi.customer;
				PRODUCT_NAME = "$(TARGET_NAME)";
				PROVISIONING_PROFILE_SPECIFIER = jiashiAD;
				TARGETED_DEVICE_FAMILY = "1,2";
			};
			name = Debug;
		};
		AE07BD2B21D795AD00AAC99A /* Release */ = {
			isa = XCBuildConfiguration;
			buildSettings = {
				ASSETCATALOG_COMPILER_APPICON_NAME = AppIcon;
				CODE_SIGN_IDENTITY = "iPhone Distribution";
				CODE_SIGN_STYLE = Manual;
				DEVELOPMENT_TEAM = QWP8YTX8VR;
				FRAMEWORK_SEARCH_PATHS = (
					"$(inherited)",
					"$(PROJECT_DIR)",
				);
				INFOPLIST_FILE = zhibo/Info.plist;
				LD_RUNPATH_SEARCH_PATHS = (
					"$(inherited)",
					"@executable_path/Frameworks",
				);
				PRODUCT_BUNDLE_IDENTIFIER = com.myjiashi.customer;
				PRODUCT_NAME = "$(TARGET_NAME)";
				PROVISIONING_PROFILE_SPECIFIER = jiashiAD;
				TARGETED_DEVICE_FAMILY = "1,2";
			};
			name = Release;
		};
/* End XCBuildConfiguration section */

/* Begin XCConfigurationList section */
		AE07BD0E21D795AD00AAC99A /* Build configuration list for PBXProject "zhibo" */ = {
			isa = XCConfigurationList;
			buildConfigurations = (
				AE07BD2721D795AD00AAC99A /* Debug */,
				AE07BD2821D795AD00AAC99A /* Release */,
			);
			defaultConfigurationIsVisible = 0;
			defaultConfigurationName = Release;
		};
		AE07BD2921D795AD00AAC99A /* Build configuration list for PBXNativeTarget "zhibo" */ = {
			isa = XCConfigurationList;
			buildConfigurations = (
				AE07BD2A21D795AD00AAC99A /* Debug */,
				AE07BD2B21D795AD00AAC99A /* Release */,
			);
			defaultConfigurationIsVisible = 0;
			defaultConfigurationName = Release;
		};
/* End XCConfigurationList section */
	};
	rootObject = AE07BD0B21D795AD00AAC99A /* Project object */;
}
